// !$*UTF8*$!
{
	archiveVersion = 1;
	classes = {
	};
	objectVersion = 52;
	objects = {

/* Begin PBXBuildFile section */
		2939856126720A3200073B48 /* Assets.xcassets in Resources */ = {isa = PBXBuildFile; fileRef = 2939856026720A3100073B48 /* Assets.xcassets */; };
		29B1F0EC266A2C500067C5F7 /* Preview Assets.xcassets in Resources */ = {isa = PBXBuildFile; fileRef = 29B1F0EB266A2C500067C5F7 /* Preview Assets.xcassets */; };
		29B1F0F6266A2F9D0067C5F7 /* GoogleService-Info.plist in Resources */ = {isa = PBXBuildFile; fileRef = 29B1F0F5266A2F9D0067C5F7 /* GoogleService-Info.plist */; };
		29B1F0F8266A2FB00067C5F7 /* SeedApp.swift in Sources */ = {isa = PBXBuildFile; fileRef = 29B1F0F7266A2FB00067C5F7 /* SeedApp.swift */; };
		29B1F0FB266A31730067C5F7 /* SeedFeature in Frameworks */ = {isa = PBXBuildFile; productRef = 29B1F0FA266A31730067C5F7 /* SeedFeature */; };
		29B453BF2674970900166AC5 /* LightIcon-60@3x.png in Resources */ = {isa = PBXBuildFile; fileRef = 29B453BA2674970900166AC5 /* LightIcon-60@3x.png */; };
		29B453C02674970900166AC5 /* LightIcon-60@2x.png in Resources */ = {isa = PBXBuildFile; fileRef = 29B453BB2674970900166AC5 /* LightIcon-60@2x.png */; };
		29B453C12674970900166AC5 /* DarkIcon-60@3x.png in Resources */ = {isa = PBXBuildFile; fileRef = 29B453BD2674970900166AC5 /* DarkIcon-60@3x.png */; };
		29B453C22674970900166AC5 /* DarkIcon-60@2x.png in Resources */ = {isa = PBXBuildFile; fileRef = 29B453BE2674970900166AC5 /* DarkIcon-60@2x.png */; };
/* End PBXBuildFile section */

/* Begin PBXFileReference section */
		2939856026720A3100073B48 /* Assets.xcassets */ = {isa = PBXFileReference; lastKnownFileType = folder.assetcatalog; name = Assets.xcassets; path = Production/Assets.xcassets; sourceTree = "<group>"; };
		29B1F0E1266A2C4E0067C5F7 /* Production.app */ = {isa = PBXFileReference; explicitFileType = wrapper.application; includeInIndex = 0; path = Production.app; sourceTree = BUILT_PRODUCTS_DIR; };
		29B1F0EB266A2C500067C5F7 /* Preview Assets.xcassets */ = {isa = PBXFileReference; lastKnownFileType = folder.assetcatalog; path = "Preview Assets.xcassets"; sourceTree = "<group>"; };
		29B1F0ED266A2C500067C5F7 /* Info.plist */ = {isa = PBXFileReference; lastKnownFileType = text.plist.xml; path = Info.plist; sourceTree = "<group>"; };
		29B1F0F5266A2F9D0067C5F7 /* GoogleService-Info.plist */ = {isa = PBXFileReference; fileEncoding = 4; lastKnownFileType = text.plist.xml; name = "GoogleService-Info.plist"; path = "Production/GoogleService-Info.plist"; sourceTree = "<group>"; };
		29B1F0F7266A2FB00067C5F7 /* SeedApp.swift */ = {isa = PBXFileReference; fileEncoding = 4; lastKnownFileType = sourcecode.swift; path = SeedApp.swift; sourceTree = "<group>"; };
		29B453BA2674970900166AC5 /* LightIcon-60@3x.png */ = {isa = PBXFileReference; lastKnownFileType = image.png; path = "LightIcon-60@3x.png"; sourceTree = "<group>"; };
		29B453BB2674970900166AC5 /* LightIcon-60@2x.png */ = {isa = PBXFileReference; lastKnownFileType = image.png; path = "LightIcon-60@2x.png"; sourceTree = "<group>"; };
		29B453BD2674970900166AC5 /* DarkIcon-60@3x.png */ = {isa = PBXFileReference; lastKnownFileType = image.png; path = "DarkIcon-60@3x.png"; sourceTree = "<group>"; };
		29B453BE2674970900166AC5 /* DarkIcon-60@2x.png */ = {isa = PBXFileReference; lastKnownFileType = image.png; path = "DarkIcon-60@2x.png"; sourceTree = "<group>"; };
/* End PBXFileReference section */

/* Begin PBXFrameworksBuildPhase section */
		29B1F0DE266A2C4E0067C5F7 /* Frameworks */ = {
			isa = PBXFrameworksBuildPhase;
			buildActionMask = 2147483647;
			files = (
				29B1F0FB266A31730067C5F7 /* SeedFeature in Frameworks */,
			);
			runOnlyForDeploymentPostprocessing = 0;
		};
/* End PBXFrameworksBuildPhase section */

/* Begin PBXGroup section */
		29B1F0D8266A2C4E0067C5F7 = {
			isa = PBXGroup;
			children = (
				29B1F0E3266A2C4E0067C5F7 /* iOS */,
				29B1F0E2266A2C4E0067C5F7 /* Products */,
				29B1F0F9266A31730067C5F7 /* Frameworks */,
			);
			sourceTree = "<group>";
		};
		29B1F0E2266A2C4E0067C5F7 /* Products */ = {
			isa = PBXGroup;
			children = (
				29B1F0E1266A2C4E0067C5F7 /* Production.app */,
			);
			name = Products;
			sourceTree = "<group>";
		};
		29B1F0E3266A2C4E0067C5F7 /* iOS */ = {
			isa = PBXGroup;
			children = (
				29B453B82674970900166AC5 /* Icons */,
				2939856026720A3100073B48 /* Assets.xcassets */,
				29B1F0F5266A2F9D0067C5F7 /* GoogleService-Info.plist */,
				29B1F0F7266A2FB00067C5F7 /* SeedApp.swift */,
				29B1F0ED266A2C500067C5F7 /* Info.plist */,
				29B1F0EA266A2C500067C5F7 /* Preview Content */,
			);
			path = iOS;
			sourceTree = "<group>";
		};
		29B1F0EA266A2C500067C5F7 /* Preview Content */ = {
			isa = PBXGroup;
			children = (
				29B1F0EB266A2C500067C5F7 /* Preview Assets.xcassets */,
			);
			path = "Preview Content";
			sourceTree = "<group>";
		};
		29B1F0F9266A31730067C5F7 /* Frameworks */ = {
			isa = PBXGroup;
			children = (
			);
			name = Frameworks;
			sourceTree = "<group>";
		};
		29B453B82674970900166AC5 /* Icons */ = {
			isa = PBXGroup;
			children = (
				29B453B92674970900166AC5 /* Light */,
				29B453BC2674970900166AC5 /* Dark */,
			);
			name = Icons;
			path = Production/Icons;
			sourceTree = "<group>";
		};
		29B453B92674970900166AC5 /* Light */ = {
			isa = PBXGroup;
			children = (
				29B453BA2674970900166AC5 /* LightIcon-60@3x.png */,
				29B453BB2674970900166AC5 /* LightIcon-60@2x.png */,
			);
			path = Light;
			sourceTree = "<group>";
		};
		29B453BC2674970900166AC5 /* Dark */ = {
			isa = PBXGroup;
			children = (
				29B453BD2674970900166AC5 /* DarkIcon-60@3x.png */,
				29B453BE2674970900166AC5 /* DarkIcon-60@2x.png */,
			);
			path = Dark;
			sourceTree = "<group>";
		};
/* End PBXGroup section */

/* Begin PBXNativeTarget section */
		29B1F0E0266A2C4E0067C5F7 /* Production */ = {
			isa = PBXNativeTarget;
			buildConfigurationList = 29B1F0F0266A2C500067C5F7 /* Build configuration list for PBXNativeTarget "Production" */;
			buildPhases = (
				29B1F0DD266A2C4E0067C5F7 /* Sources */,
				29B1F0DE266A2C4E0067C5F7 /* Frameworks */,
				29B1F0DF266A2C4E0067C5F7 /* Resources */,
				29B1F0FD266B53D20067C5F7 /* Run SwiftLint */,
			);
			buildRules = (
			);
			dependencies = (
			);
			name = Production;
			packageProductDependencies = (
				29B1F0FA266A31730067C5F7 /* SeedFeature */,
			);
			productName = Production;
			productReference = 29B1F0E1266A2C4E0067C5F7 /* Production.app */;
			productType = "com.apple.product-type.application";
		};
/* End PBXNativeTarget section */

/* Begin PBXProject section */
		29B1F0D9266A2C4E0067C5F7 /* Project object */ = {
			isa = PBXProject;
			attributes = {
				LastSwiftUpdateCheck = 1250;
				LastUpgradeCheck = 1250;
				TargetAttributes = {
					29B1F0E0266A2C4E0067C5F7 = {
						CreatedOnToolsVersion = 12.5;
						LastSwiftMigration = 1250;
					};
				};
			};
			buildConfigurationList = 29B1F0DC266A2C4E0067C5F7 /* Build configuration list for PBXProject "Production" */;
			compatibilityVersion = "Xcode 9.3";
			developmentRegion = en;
			hasScannedForEncodings = 0;
			knownRegions = (
				en,
				Base,
			);
			mainGroup = 29B1F0D8266A2C4E0067C5F7;
			productRefGroup = 29B1F0E2266A2C4E0067C5F7 /* Products */;
			projectDirPath = "";
			projectRoot = "";
			targets = (
				29B1F0E0266A2C4E0067C5F7 /* Production */,
			);
		};
/* End PBXProject section */

/* Begin PBXResourcesBuildPhase section */
		29B1F0DF266A2C4E0067C5F7 /* Resources */ = {
			isa = PBXResourcesBuildPhase;
			buildActionMask = 2147483647;
			files = (
				29B453C22674970900166AC5 /* DarkIcon-60@2x.png in Resources */,
				29B1F0EC266A2C500067C5F7 /* Preview Assets.xcassets in Resources */,
				2939856126720A3200073B48 /* Assets.xcassets in Resources */,
				29B453C12674970900166AC5 /* DarkIcon-60@3x.png in Resources */,
				29B453BF2674970900166AC5 /* LightIcon-60@3x.png in Resources */,
				29B1F0F6266A2F9D0067C5F7 /* GoogleService-Info.plist in Resources */,
				29B453C02674970900166AC5 /* LightIcon-60@2x.png in Resources */,
			);
			runOnlyForDeploymentPostprocessing = 0;
		};
/* End PBXResourcesBuildPhase section */

/* Begin PBXShellScriptBuildPhase section */
		29B1F0FD266B53D20067C5F7 /* Run SwiftLint */ = {
			isa = PBXShellScriptBuildPhase;
			buildActionMask = 2147483647;
			files = (
			);
			inputFileListPaths = (
			);
			inputPaths = (
			);
			name = "Run SwiftLint";
			outputFileListPaths = (
			);
			outputPaths = (
			);
			runOnlyForDeploymentPostprocessing = 0;
			shellPath = /bin/sh;
			shellScript = "../scripts/lint.sh\n";
		};
/* End PBXShellScriptBuildPhase section */

/* Begin PBXSourcesBuildPhase section */
		29B1F0DD266A2C4E0067C5F7 /* Sources */ = {
			isa = PBXSourcesBuildPhase;
			buildActionMask = 2147483647;
			files = (
				29B1F0F8266A2FB00067C5F7 /* SeedApp.swift in Sources */,
			);
			runOnlyForDeploymentPostprocessing = 0;
		};
/* End PBXSourcesBuildPhase section */

/* Begin XCBuildConfiguration section */
		29B1F0EE266A2C500067C5F7 /* Debug */ = {
			isa = XCBuildConfiguration;
			buildSettings = {
				ALWAYS_SEARCH_USER_PATHS = NO;
				CLANG_ANALYZER_NONNULL = YES;
				CLANG_ANALYZER_NUMBER_OBJECT_CONVERSION = YES_AGGRESSIVE;
				CLANG_CXX_LANGUAGE_STANDARD = "gnu++14";
				CLANG_CXX_LIBRARY = "libc++";
				CLANG_ENABLE_MODULES = YES;
				CLANG_ENABLE_OBJC_ARC = YES;
				CLANG_ENABLE_OBJC_WEAK = YES;
				CLANG_WARN_BLOCK_CAPTURE_AUTORELEASING = YES;
				CLANG_WARN_BOOL_CONVERSION = YES;
				CLANG_WARN_COMMA = YES;
				CLANG_WARN_CONSTANT_CONVERSION = YES;
				CLANG_WARN_DEPRECATED_OBJC_IMPLEMENTATIONS = YES;
				CLANG_WARN_DIRECT_OBJC_ISA_USAGE = YES_ERROR;
				CLANG_WARN_DOCUMENTATION_COMMENTS = YES;
				CLANG_WARN_EMPTY_BODY = YES;
				CLANG_WARN_ENUM_CONVERSION = YES;
				CLANG_WARN_INFINITE_RECURSION = YES;
				CLANG_WARN_INT_CONVERSION = YES;
				CLANG_WARN_NON_LITERAL_NULL_CONVERSION = YES;
				CLANG_WARN_OBJC_IMPLICIT_RETAIN_SELF = YES;
				CLANG_WARN_OBJC_LITERAL_CONVERSION = YES;
				CLANG_WARN_OBJC_ROOT_CLASS = YES_ERROR;
				CLANG_WARN_QUOTED_INCLUDE_IN_FRAMEWORK_HEADER = YES;
				CLANG_WARN_RANGE_LOOP_ANALYSIS = YES;
				CLANG_WARN_STRICT_PROTOTYPES = YES;
				CLANG_WARN_SUSPICIOUS_MOVE = YES;
				CLANG_WARN_UNGUARDED_AVAILABILITY = YES_AGGRESSIVE;
				CLANG_WARN_UNREACHABLE_CODE = YES;
				CLANG_WARN__DUPLICATE_METHOD_MATCH = YES;
				COPY_PHASE_STRIP = NO;
				DEBUG_INFORMATION_FORMAT = dwarf;
				ENABLE_STRICT_OBJC_MSGSEND = YES;
				ENABLE_TESTABILITY = YES;
				GCC_C_LANGUAGE_STANDARD = gnu11;
				GCC_DYNAMIC_NO_PIC = NO;
				GCC_NO_COMMON_BLOCKS = YES;
				GCC_OPTIMIZATION_LEVEL = 0;
				GCC_PREPROCESSOR_DEFINITIONS = (
					"DEBUG=1",
					"$(inherited)",
				);
				GCC_WARN_64_TO_32_BIT_CONVERSION = YES;
				GCC_WARN_ABOUT_RETURN_TYPE = YES_ERROR;
				GCC_WARN_UNDECLARED_SELECTOR = YES;
				GCC_WARN_UNINITIALIZED_AUTOS = YES_AGGRESSIVE;
				GCC_WARN_UNUSED_FUNCTION = YES;
				GCC_WARN_UNUSED_VARIABLE = YES;
				IPHONEOS_DEPLOYMENT_TARGET = 14.5;
				MTL_ENABLE_DEBUG_INFO = INCLUDE_SOURCE;
				MTL_FAST_MATH = YES;
				ONLY_ACTIVE_ARCH = YES;
				SDKROOT = iphoneos;
				SWIFT_ACTIVE_COMPILATION_CONDITIONS = DEBUG;
				SWIFT_OPTIMIZATION_LEVEL = "-Onone";
			};
			name = Debug;
		};
		29B1F0EF266A2C500067C5F7 /* Release */ = {
			isa = XCBuildConfiguration;
			buildSettings = {
				ALWAYS_SEARCH_USER_PATHS = NO;
				CLANG_ANALYZER_NONNULL = YES;
				CLANG_ANALYZER_NUMBER_OBJECT_CONVERSION = YES_AGGRESSIVE;
				CLANG_CXX_LANGUAGE_STANDARD = "gnu++14";
				CLANG_CXX_LIBRARY = "libc++";
				CLANG_ENABLE_MODULES = YES;
				CLANG_ENABLE_OBJC_ARC = YES;
				CLANG_ENABLE_OBJC_WEAK = YES;
				CLANG_WARN_BLOCK_CAPTURE_AUTORELEASING = YES;
				CLANG_WARN_BOOL_CONVERSION = YES;
				CLANG_WARN_COMMA = YES;
				CLANG_WARN_CONSTANT_CONVERSION = YES;
				CLANG_WARN_DEPRECATED_OBJC_IMPLEMENTATIONS = YES;
				CLANG_WARN_DIRECT_OBJC_ISA_USAGE = YES_ERROR;
				CLANG_WARN_DOCUMENTATION_COMMENTS = YES;
				CLANG_WARN_EMPTY_BODY = YES;
				CLANG_WARN_ENUM_CONVERSION = YES;
				CLANG_WARN_INFINITE_RECURSION = YES;
				CLANG_WARN_INT_CONVERSION = YES;
				CLANG_WARN_NON_LITERAL_NULL_CONVERSION = YES;
				CLANG_WARN_OBJC_IMPLICIT_RETAIN_SELF = YES;
				CLANG_WARN_OBJC_LITERAL_CONVERSION = YES;
				CLANG_WARN_OBJC_ROOT_CLASS = YES_ERROR;
				CLANG_WARN_QUOTED_INCLUDE_IN_FRAMEWORK_HEADER = YES;
				CLANG_WARN_RANGE_LOOP_ANALYSIS = YES;
				CLANG_WARN_STRICT_PROTOTYPES = YES;
				CLANG_WARN_SUSPICIOUS_MOVE = YES;
				CLANG_WARN_UNGUARDED_AVAILABILITY = YES_AGGRESSIVE;
				CLANG_WARN_UNREACHABLE_CODE = YES;
				CLANG_WARN__DUPLICATE_METHOD_MATCH = YES;
				COPY_PHASE_STRIP = NO;
				DEBUG_INFORMATION_FORMAT = "dwarf-with-dsym";
				ENABLE_NS_ASSERTIONS = NO;
				ENABLE_STRICT_OBJC_MSGSEND = YES;
				GCC_C_LANGUAGE_STANDARD = gnu11;
				GCC_NO_COMMON_BLOCKS = YES;
				GCC_WARN_64_TO_32_BIT_CONVERSION = YES;
				GCC_WARN_ABOUT_RETURN_TYPE = YES_ERROR;
				GCC_WARN_UNDECLARED_SELECTOR = YES;
				GCC_WARN_UNINITIALIZED_AUTOS = YES_AGGRESSIVE;
				GCC_WARN_UNUSED_FUNCTION = YES;
				GCC_WARN_UNUSED_VARIABLE = YES;
				IPHONEOS_DEPLOYMENT_TARGET = 14.5;
				MTL_ENABLE_DEBUG_INFO = NO;
				MTL_FAST_MATH = YES;
				SDKROOT = iphoneos;
				SWIFT_COMPILATION_MODE = wholemodule;
				SWIFT_OPTIMIZATION_LEVEL = "-O";
				VALIDATE_PRODUCT = YES;
			};
			name = Release;
		};
		29B1F0F1266A2C500067C5F7 /* Debug */ = {
			isa = XCBuildConfiguration;
			buildSettings = {
				ASSETCATALOG_COMPILER_APPICON_NAME = AppIcon;
				ASSETCATALOG_COMPILER_GLOBAL_ACCENT_COLOR_NAME = AccentColor;
				CLANG_ENABLE_MODULES = YES;
				CODE_SIGN_STYLE = Automatic;
				DEVELOPMENT_ASSET_PATHS = "";
				DEVELOPMENT_TEAM = UUF7376KJL;
				ENABLE_PREVIEWS = YES;
				INFOPLIST_FILE = "$(SRCROOT)/iOS/Info.plist";
				IPHONEOS_DEPLOYMENT_TARGET = 14.0;
				LD_RUNPATH_SEARCH_PATHS = (
					"$(inherited)",
					"@executable_path/Frameworks",
				);
				PRODUCT_BUNDLE_IDENTIFIER = com.lcr.Seed.production;
				PRODUCT_NAME = "$(TARGET_NAME)";
				SWIFT_OPTIMIZATION_LEVEL = "-Onone";
				SWIFT_VERSION = 5.0;
				TARGETED_DEVICE_FAMILY = "1,2";
			};
			name = Debug;
		};
		29B1F0F2266A2C500067C5F7 /* Release */ = {
			isa = XCBuildConfiguration;
			buildSettings = {
				ASSETCATALOG_COMPILER_APPICON_NAME = AppIcon;
				ASSETCATALOG_COMPILER_GLOBAL_ACCENT_COLOR_NAME = AccentColor;
				CLANG_ENABLE_MODULES = YES;
				CODE_SIGN_STYLE = Automatic;
				DEVELOPMENT_ASSET_PATHS = "";
				DEVELOPMENT_TEAM = UUF7376KJL;
				ENABLE_PREVIEWS = YES;
				INFOPLIST_FILE = "$(SRCROOT)/iOS/Info.plist";
				IPHONEOS_DEPLOYMENT_TARGET = 14.0;
				LD_RUNPATH_SEARCH_PATHS = (
					"$(inherited)",
					"@executable_path/Frameworks",
				);
				PRODUCT_BUNDLE_IDENTIFIER = com.lcr.Seed.production;
				PRODUCT_NAME = "$(TARGET_NAME)";
				SWIFT_VERSION = 5.0;
				TARGETED_DEVICE_FAMILY = "1,2";
			};
			name = Release;
		};
/* End XCBuildConfiguration section */

/* Begin XCConfigurationList section */
		29B1F0DC266A2C4E0067C5F7 /* Build configuration list for PBXProject "Production" */ = {
			isa = XCConfigurationList;
			buildConfigurations = (
				29B1F0EE266A2C500067C5F7 /* Debug */,
				29B1F0EF266A2C500067C5F7 /* Release */,
			);
			defaultConfigurationIsVisible = 0;
			defaultConfigurationName = Release;
		};
		29B1F0F0266A2C500067C5F7 /* Build configuration list for PBXNativeTarget "Production" */ = {
			isa = XCConfigurationList;
			buildConfigurations = (
				29B1F0F1266A2C500067C5F7 /* Debug */,
				29B1F0F2266A2C500067C5F7 /* Release */,
			);
			defaultConfigurationIsVisible = 0;
			defaultConfigurationName = Release;
		};
/* End XCConfigurationList section */

/* Begin XCSwiftPackageProductDependency section */
		29B1F0FA266A31730067C5F7 /* SeedFeature */ = {
			isa = XCSwiftPackageProductDependency;
			productName = SeedFeature;
		};
/* End XCSwiftPackageProductDependency section */
	};
	rootObject = 29B1F0D9266A2C4E0067C5F7 /* Project object */;
}
