// !$*UTF8*$!
{
	archiveVersion = 1;
	classes = {
	};
	objectVersion = 52;
	objects = {

/* Begin PBXBuildFile section */
		2939855F267209D000073B48 /* Assets.xcassets in Resources */ = {isa = PBXBuildFile; fileRef = 2939855E267209CF00073B48 /* Assets.xcassets */; };
		299305EE26687D0500B751B7 /* SeedApp.swift in Sources */ = {isa = PBXBuildFile; fileRef = 299305ED26687D0500B751B7 /* SeedApp.swift */; };
		2993060226691BB100B751B7 /* SeedFeature in Frameworks */ = {isa = PBXBuildFile; productRef = 2993060126691BB100B751B7 /* SeedFeature */; };
		299306042669201200B751B7 /* FirebaseApiClient in Frameworks */ = {isa = PBXBuildFile; productRef = 299306032669201200B751B7 /* FirebaseApiClient */; };
		29B1F0F4266A2F0B0067C5F7 /* GoogleService-Info.plist in Resources */ = {isa = PBXBuildFile; fileRef = 29B1F0F3266A2F0B0067C5F7 /* GoogleService-Info.plist */; };
		29B453A12674494200166AC5 /* LightIcon-60@2x.png in Resources */ = {isa = PBXBuildFile; fileRef = 29B4539F2674494100166AC5 /* LightIcon-60@2x.png */; };
		29B453A22674494200166AC5 /* LightIcon-60@3x.png in Resources */ = {isa = PBXBuildFile; fileRef = 29B453A02674494200166AC5 /* LightIcon-60@3x.png */; };
		29B453AE2674936A00166AC5 /* DarkIcon-60@3x.png in Resources */ = {isa = PBXBuildFile; fileRef = 29B453AC2674936A00166AC5 /* DarkIcon-60@3x.png */; };
		29B453AF2674936A00166AC5 /* DarkIcon-60@2x.png in Resources */ = {isa = PBXBuildFile; fileRef = 29B453AD2674936A00166AC5 /* DarkIcon-60@2x.png */; };
/* End PBXBuildFile section */

/* Begin PBXFileReference section */
		2939855E267209CF00073B48 /* Assets.xcassets */ = {isa = PBXFileReference; lastKnownFileType = folder.assetcatalog; name = Assets.xcassets; path = Debug/Assets.xcassets; sourceTree = "<group>"; };
		299305EA26687D0500B751B7 /* Debug.app */ = {isa = PBXFileReference; explicitFileType = wrapper.application; includeInIndex = 0; path = Debug.app; sourceTree = BUILT_PRODUCTS_DIR; };
		299305ED26687D0500B751B7 /* SeedApp.swift */ = {isa = PBXFileReference; lastKnownFileType = sourcecode.swift; path = SeedApp.swift; sourceTree = "<group>"; };
		299305F426687D0800B751B7 /* Preview Assets.xcassets */ = {isa = PBXFileReference; lastKnownFileType = folder.assetcatalog; path = "Preview Assets.xcassets"; sourceTree = "<group>"; };
		299305F626687D0800B751B7 /* Info.plist */ = {isa = PBXFileReference; lastKnownFileType = text.plist.xml; path = Info.plist; sourceTree = "<group>"; };
		29B1F0F3266A2F0B0067C5F7 /* GoogleService-Info.plist */ = {isa = PBXFileReference; fileEncoding = 4; lastKnownFileType = text.plist.xml; name = "GoogleService-Info.plist"; path = "Debug/GoogleService-Info.plist"; sourceTree = "<group>"; };
		29B4539F2674494100166AC5 /* LightIcon-60@2x.png */ = {isa = PBXFileReference; lastKnownFileType = image.png; path = "LightIcon-60@2x.png"; sourceTree = "<group>"; };
		29B453A02674494200166AC5 /* LightIcon-60@3x.png */ = {isa = PBXFileReference; lastKnownFileType = image.png; path = "LightIcon-60@3x.png"; sourceTree = "<group>"; };
		29B453AC2674936A00166AC5 /* DarkIcon-60@3x.png */ = {isa = PBXFileReference; lastKnownFileType = image.png; path = "DarkIcon-60@3x.png"; sourceTree = "<group>"; };
		29B453AD2674936A00166AC5 /* DarkIcon-60@2x.png */ = {isa = PBXFileReference; lastKnownFileType = image.png; path = "DarkIcon-60@2x.png"; sourceTree = "<group>"; };
/* End PBXFileReference section */

/* Begin PBXFrameworksBuildPhase section */
		299305E726687D0500B751B7 /* Frameworks */ = {
			isa = PBXFrameworksBuildPhase;
			buildActionMask = 2147483647;
			files = (
				2993060226691BB100B751B7 /* SeedFeature in Frameworks */,
				299306042669201200B751B7 /* FirebaseApiClient in Frameworks */,
			);
			runOnlyForDeploymentPostprocessing = 0;
		};
/* End PBXFrameworksBuildPhase section */

/* Begin PBXGroup section */
		299305E126687D0500B751B7 = {
			isa = PBXGroup;
			children = (
				299305EC26687D0500B751B7 /* iOS */,
				299305EB26687D0500B751B7 /* Products */,
				299305FC2669148A00B751B7 /* Frameworks */,
			);
			sourceTree = "<group>";
		};
		299305EB26687D0500B751B7 /* Products */ = {
			isa = PBXGroup;
			children = (
				299305EA26687D0500B751B7 /* Debug.app */,
			);
			name = Products;
			sourceTree = "<group>";
		};
		299305EC26687D0500B751B7 /* iOS */ = {
			isa = PBXGroup;
			children = (
				29B4539826739CFE00166AC5 /* Icons */,
				2939855E267209CF00073B48 /* Assets.xcassets */,
				29B1F0F3266A2F0B0067C5F7 /* GoogleService-Info.plist */,
				299305ED26687D0500B751B7 /* SeedApp.swift */,
				299305F626687D0800B751B7 /* Info.plist */,
				299305F326687D0800B751B7 /* Preview Content */,
			);
			path = iOS;
			sourceTree = "<group>";
		};
		299305F326687D0800B751B7 /* Preview Content */ = {
			isa = PBXGroup;
			children = (
				299305F426687D0800B751B7 /* Preview Assets.xcassets */,
			);
			path = "Preview Content";
			sourceTree = "<group>";
		};
		299305FC2669148A00B751B7 /* Frameworks */ = {
			isa = PBXGroup;
			children = (
			);
			name = Frameworks;
			sourceTree = "<group>";
		};
		29B4539826739CFE00166AC5 /* Icons */ = {
			isa = PBXGroup;
			children = (
				29B453A42674596600166AC5 /* Dark */,
				29B453A32674595900166AC5 /* Light */,
			);
			name = Icons;
			path = Debug/Icons;
			sourceTree = "<group>";
		};
		29B453A32674595900166AC5 /* Light */ = {
			isa = PBXGroup;
			children = (
				29B4539F2674494100166AC5 /* LightIcon-60@2x.png */,
				29B453A02674494200166AC5 /* LightIcon-60@3x.png */,
			);
			path = Light;
			sourceTree = "<group>";
		};
		29B453A42674596600166AC5 /* Dark */ = {
			isa = PBXGroup;
			children = (
				29B453AD2674936A00166AC5 /* DarkIcon-60@2x.png */,
				29B453AC2674936A00166AC5 /* DarkIcon-60@3x.png */,
			);
			path = Dark;
			sourceTree = "<group>";
		};
/* End PBXGroup section */

/* Begin PBXNativeTarget section */
		299305E926687D0500B751B7 /* Debug */ = {
			isa = PBXNativeTarget;
			buildConfigurationList = 299305F926687D0800B751B7 /* Build configuration list for PBXNativeTarget "Debug" */;
			buildPhases = (
				299305E626687D0500B751B7 /* Sources */,
				299305E726687D0500B751B7 /* Frameworks */,
				299305E826687D0500B751B7 /* Resources */,
				29B1F0FC266B4BB70067C5F7 /* Run SwiftLint */,
			);
			buildRules = (
			);
			dependencies = (
			);
			name = Debug;
			packageProductDependencies = (
				2993060126691BB100B751B7 /* SeedFeature */,
				299306032669201200B751B7 /* FirebaseApiClient */,
			);
			productName = Debug;
			productReference = 299305EA26687D0500B751B7 /* Debug.app */;
			productType = "com.apple.product-type.application";
		};
/* End PBXNativeTarget section */

/* Begin PBXProject section */
		299305E226687D0500B751B7 /* Project object */ = {
			isa = PBXProject;
			attributes = {
				LastSwiftUpdateCheck = 1250;
				LastUpgradeCheck = 1250;
				TargetAttributes = {
					299305E926687D0500B751B7 = {
						CreatedOnToolsVersion = 12.5;
					};
				};
			};
			buildConfigurationList = 299305E526687D0500B751B7 /* Build configuration list for PBXProject "Debug" */;
			compatibilityVersion = "Xcode 9.3";
			developmentRegion = en;
			hasScannedForEncodings = 0;
			knownRegions = (
				en,
				Base,
			);
			mainGroup = 299305E126687D0500B751B7;
			productRefGroup = 299305EB26687D0500B751B7 /* Products */;
			projectDirPath = "";
			projectRoot = "";
			targets = (
				299305E926687D0500B751B7 /* Debug */,
			);
		};
/* End PBXProject section */

/* Begin PBXResourcesBuildPhase section */
		299305E826687D0500B751B7 /* Resources */ = {
			isa = PBXResourcesBuildPhase;
			buildActionMask = 2147483647;
			files = (
				29B453AF2674936A00166AC5 /* DarkIcon-60@2x.png in Resources */,
				29B453A12674494200166AC5 /* LightIcon-60@2x.png in Resources */,
				29B453A22674494200166AC5 /* LightIcon-60@3x.png in Resources */,
				29B453AE2674936A00166AC5 /* DarkIcon-60@3x.png in Resources */,
				2939855F267209D000073B48 /* Assets.xcassets in Resources */,
				29B1F0F4266A2F0B0067C5F7 /* GoogleService-Info.plist in Resources */,
			);
			runOnlyForDeploymentPostprocessing = 0;
		};
/* End PBXResourcesBuildPhase section */

/* Begin PBXShellScriptBuildPhase section */
		29B1F0FC266B4BB70067C5F7 /* Run SwiftLint */ = {
			isa = PBXShellScriptBuildPhase;
			buildActionMask = 2147483647;
			files = (
			);
			inputFileListPaths = (
			);
			inputPaths = (
			);
			name = "Run SwiftLint";
			outputFileListPaths = (
			);
			outputPaths = (
			);
			runOnlyForDeploymentPostprocessing = 0;
			shellPath = /bin/sh;
			shellScript = "#../scripts/lint.sh\n";
		};
/* End PBXShellScriptBuildPhase section */

/* Begin PBXSourcesBuildPhase section */
		299305E626687D0500B751B7 /* Sources */ = {
			isa = PBXSourcesBuildPhase;
			buildActionMask = 2147483647;
			files = (
				299305EE26687D0500B751B7 /* SeedApp.swift in Sources */,
			);
			runOnlyForDeploymentPostprocessing = 0;
		};
/* End PBXSourcesBuildPhase section */

/* Begin XCBuildConfiguration section */
		299305F726687D0800B751B7 /* Debug */ = {
			isa = XCBuildConfiguration;
			buildSettings = {
				ALWAYS_SEARCH_USER_PATHS = NO;
				CLANG_ANALYZER_NONNULL = YES;
				CLANG_ANALYZER_NUMBER_OBJECT_CONVERSION = YES_AGGRESSIVE;
				CLANG_CXX_LANGUAGE_STANDARD = "gnu++14";
				CLANG_CXX_LIBRARY = "libc++";
				CLANG_ENABLE_MODULES = YES;
				CLANG_ENABLE_OBJC_ARC = YES;
				CLANG_ENABLE_OBJC_WEAK = YES;
				CLANG_WARN_BLOCK_CAPTURE_AUTORELEASING = YES;
				CLANG_WARN_BOOL_CONVERSION = YES;
				CLANG_WARN_COMMA = YES;
				CLANG_WARN_CONSTANT_CONVERSION = YES;
				CLANG_WARN_DEPRECATED_OBJC_IMPLEMENTATIONS = YES;
				CLANG_WARN_DIRECT_OBJC_ISA_USAGE = YES_ERROR;
				CLANG_WARN_DOCUMENTATION_COMMENTS = YES;
				CLANG_WARN_EMPTY_BODY = YES;
				CLANG_WARN_ENUM_CONVERSION = YES;
				CLANG_WARN_INFINITE_RECURSION = YES;
				CLANG_WARN_INT_CONVERSION = YES;
				CLANG_WARN_NON_LITERAL_NULL_CONVERSION = YES;
				CLANG_WARN_OBJC_IMPLICIT_RETAIN_SELF = YES;
				CLANG_WARN_OBJC_LITERAL_CONVERSION = YES;
				CLANG_WARN_OBJC_ROOT_CLASS = YES_ERROR;
				CLANG_WARN_QUOTED_INCLUDE_IN_FRAMEWORK_HEADER = YES;
				CLANG_WARN_RANGE_LOOP_ANALYSIS = YES;
				CLANG_WARN_STRICT_PROTOTYPES = YES;
				CLANG_WARN_SUSPICIOUS_MOVE = YES;
				CLANG_WARN_UNGUARDED_AVAILABILITY = YES_AGGRESSIVE;
				CLANG_WARN_UNREACHABLE_CODE = YES;
				CLANG_WARN__DUPLICATE_METHOD_MATCH = YES;
				COPY_PHASE_STRIP = NO;
				DEBUG_INFORMATION_FORMAT = dwarf;
				ENABLE_STRICT_OBJC_MSGSEND = YES;
				ENABLE_TESTABILITY = YES;
				GCC_C_LANGUAGE_STANDARD = gnu11;
				GCC_DYNAMIC_NO_PIC = NO;
				GCC_NO_COMMON_BLOCKS = YES;
				GCC_OPTIMIZATION_LEVEL = 0;
				GCC_PREPROCESSOR_DEFINITIONS = (
					"DEBUG=1",
					"$(inherited)",
				);
				GCC_WARN_64_TO_32_BIT_CONVERSION = YES;
				GCC_WARN_ABOUT_RETURN_TYPE = YES_ERROR;
				GCC_WARN_UNDECLARED_SELECTOR = YES;
				GCC_WARN_UNINITIALIZED_AUTOS = YES_AGGRESSIVE;
				GCC_WARN_UNUSED_FUNCTION = YES;
				GCC_WARN_UNUSED_VARIABLE = YES;
				IPHONEOS_DEPLOYMENT_TARGET = 14.5;
				MTL_ENABLE_DEBUG_INFO = INCLUDE_SOURCE;
				MTL_FAST_MATH = YES;
				ONLY_ACTIVE_ARCH = YES;
				SDKROOT = iphoneos;
				SWIFT_ACTIVE_COMPILATION_CONDITIONS = DEBUG;
				SWIFT_OPTIMIZATION_LEVEL = "-Onone";
			};
			name = Debug;
		};
		299305F826687D0800B751B7 /* Release */ = {
			isa = XCBuildConfiguration;
			buildSettings = {
				ALWAYS_SEARCH_USER_PATHS = NO;
				CLANG_ANALYZER_NONNULL = YES;
				CLANG_ANALYZER_NUMBER_OBJECT_CONVERSION = YES_AGGRESSIVE;
				CLANG_CXX_LANGUAGE_STANDARD = "gnu++14";
				CLANG_CXX_LIBRARY = "libc++";
				CLANG_ENABLE_MODULES = YES;
				CLANG_ENABLE_OBJC_ARC = YES;
				CLANG_ENABLE_OBJC_WEAK = YES;
				CLANG_WARN_BLOCK_CAPTURE_AUTORELEASING = YES;
				CLANG_WARN_BOOL_CONVERSION = YES;
				CLANG_WARN_COMMA = YES;
				CLANG_WARN_CONSTANT_CONVERSION = YES;
				CLANG_WARN_DEPRECATED_OBJC_IMPLEMENTATIONS = YES;
				CLANG_WARN_DIRECT_OBJC_ISA_USAGE = YES_ERROR;
				CLANG_WARN_DOCUMENTATION_COMMENTS = YES;
				CLANG_WARN_EMPTY_BODY = YES;
				CLANG_WARN_ENUM_CONVERSION = YES;
				CLANG_WARN_INFINITE_RECURSION = YES;
				CLANG_WARN_INT_CONVERSION = YES;
				CLANG_WARN_NON_LITERAL_NULL_CONVERSION = YES;
				CLANG_WARN_OBJC_IMPLICIT_RETAIN_SELF = YES;
				CLANG_WARN_OBJC_LITERAL_CONVERSION = YES;
				CLANG_WARN_OBJC_ROOT_CLASS = YES_ERROR;
				CLANG_WARN_QUOTED_INCLUDE_IN_FRAMEWORK_HEADER = YES;
				CLANG_WARN_RANGE_LOOP_ANALYSIS = YES;
				CLANG_WARN_STRICT_PROTOTYPES = YES;
				CLANG_WARN_SUSPICIOUS_MOVE = YES;
				CLANG_WARN_UNGUARDED_AVAILABILITY = YES_AGGRESSIVE;
				CLANG_WARN_UNREACHABLE_CODE = YES;
				CLANG_WARN__DUPLICATE_METHOD_MATCH = YES;
				COPY_PHASE_STRIP = NO;
				DEBUG_INFORMATION_FORMAT = "dwarf-with-dsym";
				ENABLE_NS_ASSERTIONS = NO;
				ENABLE_STRICT_OBJC_MSGSEND = YES;
				GCC_C_LANGUAGE_STANDARD = gnu11;
				GCC_NO_COMMON_BLOCKS = YES;
				GCC_WARN_64_TO_32_BIT_CONVERSION = YES;
				GCC_WARN_ABOUT_RETURN_TYPE = YES_ERROR;
				GCC_WARN_UNDECLARED_SELECTOR = YES;
				GCC_WARN_UNINITIALIZED_AUTOS = YES_AGGRESSIVE;
				GCC_WARN_UNUSED_FUNCTION = YES;
				GCC_WARN_UNUSED_VARIABLE = YES;
				IPHONEOS_DEPLOYMENT_TARGET = 14.5;
				MTL_ENABLE_DEBUG_INFO = NO;
				MTL_FAST_MATH = YES;
				SDKROOT = iphoneos;
				SWIFT_COMPILATION_MODE = wholemodule;
				SWIFT_OPTIMIZATION_LEVEL = "-O";
				VALIDATE_PRODUCT = YES;
			};
			name = Release;
		};
		299305FA26687D0800B751B7 /* Debug */ = {
			isa = XCBuildConfiguration;
			buildSettings = {
				ASSETCATALOG_COMPILER_APPICON_NAME = AppIcon;
				ASSETCATALOG_COMPILER_GLOBAL_ACCENT_COLOR_NAME = AccentColor;
				CODE_SIGN_STYLE = Automatic;
				DEVELOPMENT_ASSET_PATHS = "";
				DEVELOPMENT_TEAM = UUF7376KJL;
				ENABLE_PREVIEWS = YES;
				INFOPLIST_FILE = "$(SRCROOT)/iOS/Info.plist";
				IPHONEOS_DEPLOYMENT_TARGET = 14.0;
				LD_RUNPATH_SEARCH_PATHS = (
					"$(inherited)",
					"@executable_path/Frameworks",
				);
				PRODUCT_BUNDLE_IDENTIFIER = com.lcr.Seed;
				PRODUCT_NAME = "$(TARGET_NAME)";
				SWIFT_VERSION = 5.0;
				TARGETED_DEVICE_FAMILY = "1,2";
			};
			name = Debug;
		};
		299305FB26687D0800B751B7 /* Release */ = {
			isa = XCBuildConfiguration;
			buildSettings = {
				ASSETCATALOG_COMPILER_APPICON_NAME = AppIcon;
				ASSETCATALOG_COMPILER_GLOBAL_ACCENT_COLOR_NAME = AccentColor;
				CODE_SIGN_STYLE = Automatic;
				DEVELOPMENT_ASSET_PATHS = "";
				DEVELOPMENT_TEAM = UUF7376KJL;
				ENABLE_PREVIEWS = YES;
				INFOPLIST_FILE = "$(SRCROOT)/iOS/Info.plist";
				IPHONEOS_DEPLOYMENT_TARGET = 14.0;
				LD_RUNPATH_SEARCH_PATHS = (
					"$(inherited)",
					"@executable_path/Frameworks",
				);
				PRODUCT_BUNDLE_IDENTIFIER = com.lcr.Seed;
				PRODUCT_NAME = "$(TARGET_NAME)";
				SWIFT_VERSION = 5.0;
				TARGETED_DEVICE_FAMILY = "1,2";
			};
			name = Release;
		};
/* End XCBuildConfiguration section */

/* Begin XCConfigurationList section */
		299305E526687D0500B751B7 /* Build configuration list for PBXProject "Debug" */ = {
			isa = XCConfigurationList;
			buildConfigurations = (
				299305F726687D0800B751B7 /* Debug */,
				299305F826687D0800B751B7 /* Release */,
			);
			defaultConfigurationIsVisible = 0;
			defaultConfigurationName = Release;
		};
		299305F926687D0800B751B7 /* Build configuration list for PBXNativeTarget "Debug" */ = {
			isa = XCConfigurationList;
			buildConfigurations = (
				299305FA26687D0800B751B7 /* Debug */,
				299305FB26687D0800B751B7 /* Release */,
			);
			defaultConfigurationIsVisible = 0;
			defaultConfigurationName = Release;
		};
/* End XCConfigurationList section */

/* Begin XCSwiftPackageProductDependency section */
		2993060126691BB100B751B7 /* SeedFeature */ = {
			isa = XCSwiftPackageProductDependency;
			productName = SeedFeature;
		};
		299306032669201200B751B7 /* FirebaseApiClient */ = {
			isa = XCSwiftPackageProductDependency;
			productName = FirebaseApiClient;
		};
/* End XCSwiftPackageProductDependency section */
	};
	rootObject = 299305E226687D0500B751B7 /* Project object */;
}
